{
	"name": "just-lightbox",
	"version": "0.1.5",
	"lockfileVersion": 2,
	"requires": true,
	"packages": {
		"": {
			"version": "0.1.7",
			"license": "MIT",
			"engines": {
				"node": ">= 10.13.0"
			},
			"peerDependencies": {
				"@angular/common": ">=11.0.0 <13.0.0",
				"@angular/core": ">=11.0.0 <13.0.0",
				"@angular/forms": ">=11.0.0 <13.0.0",
				"@angular/platform-browser": ">=11.0.0 <13.0.0",
				"@angular/router": ">=11.0.0 <13.0.0"
			}
		}
	}
}
