{
	"name": "just-lightbox",
	"version": "0.1.4",
	"lockfileVersion": 1,
	"requires": true,
	"dependencies": {
		"@types/jasmine": {
			"version": "3.5.14",
			"resolved": "https://registry.npmjs.org/@types/jasmine/-/jasmine-3.5.14.tgz",
			"integrity": "sha512-Fkgk536sHPqcOtd+Ow+WiUNuk0TSo/BntKkF8wSvcd6M2FvPjeXcUE6Oz/bwDZiUZEaXLslAgw00Q94Pnx6T4w==",
			"dev": true
		},
		"tslib": {
			"version": "2.1.0",
			"resolved": "https://registry.npmjs.org/tslib/-/tslib-2.1.0.tgz",
			"integrity": "sha512-hcVC3wYEziELGGmEEXue7D75zbwIIVUMWAVbHItGPx0ziyXxrOMQx4rQEVEV45Ut/1IotuEvwqPopzIOkDMf0A=="
		}
	}
}
